// !$*UTF8*$!
{
	archiveVersion = 1;
	classes = {
	};
	objectVersion = 46;
	objects = {

/* Begin PBXBuildFile section */
		A841AC4A1B12FDEE006B1035 /* AppDelegate.swift in Sources */ = {isa = PBXBuildFile; fileRef = A841AC491B12FDEE006B1035 /* AppDelegate.swift */; };
		A841AC4D1B12FDEE006B1035 /* ThemeManagerVer2.xcdatamodeld in Sources */ = {isa = PBXBuildFile; fileRef = A841AC4B1B12FDEE006B1035 /* ThemeManagerVer2.xcdatamodeld */; };
		A841AC4F1B12FDEE006B1035 /* ViewController.swift in Sources */ = {isa = PBXBuildFile; fileRef = A841AC4E1B12FDEE006B1035 /* ViewController.swift */; };
		A841AC521B12FDEE006B1035 /* Main.storyboard in Resources */ = {isa = PBXBuildFile; fileRef = A841AC501B12FDEE006B1035 /* Main.storyboard */; };
		A841AC541B12FDEE006B1035 /* Images.xcassets in Resources */ = {isa = PBXBuildFile; fileRef = A841AC531B12FDEE006B1035 /* Images.xcassets */; };
		A841AC571B12FDEE006B1035 /* LaunchScreen.xib in Resources */ = {isa = PBXBuildFile; fileRef = A841AC551B12FDEE006B1035 /* LaunchScreen.xib */; };
		A841AC631B12FDEE006B1035 /* ThemeManagerVer2Tests.swift in Sources */ = {isa = PBXBuildFile; fileRef = A841AC621B12FDEE006B1035 /* ThemeManagerVer2Tests.swift */; };
		A841AC711B12FE79006B1035 /* ThemeManager.swift in Sources */ = {isa = PBXBuildFile; fileRef = A841AC701B12FE79006B1035 /* ThemeManager.swift */; };
		A841AC731B12FEB1006B1035 /* ThemeProtocol.swift in Sources */ = {isa = PBXBuildFile; fileRef = A841AC721B12FEB1006B1035 /* ThemeProtocol.swift */; };
		A841AC751B12FED5006B1035 /* TextThemeProtocol.swift in Sources */ = {isa = PBXBuildFile; fileRef = A841AC741B12FED5006B1035 /* TextThemeProtocol.swift */; };
		A841AC771B12FFA4006B1035 /* ThemeA.swift in Sources */ = {isa = PBXBuildFile; fileRef = A841AC761B12FFA4006B1035 /* ThemeA.swift */; };
		A841AC791B12FFCE006B1035 /* ThemeB.swift in Sources */ = {isa = PBXBuildFile; fileRef = A841AC781B12FFCE006B1035 /* ThemeB.swift */; };
		A841AC7B1B130045006B1035 /* ColorThemeProtocol.swift in Sources */ = {isa = PBXBuildFile; fileRef = A841AC7A1B130045006B1035 /* ColorThemeProtocol.swift */; };
		A841AC7D1B13005C006B1035 /* FontThemeProtocol.swift in Sources */ = {isa = PBXBuildFile; fileRef = A841AC7C1B13005C006B1035 /* FontThemeProtocol.swift */; };
		A841AC7F1B130081006B1035 /* ImageThemeProtocol.swift in Sources */ = {isa = PBXBuildFile; fileRef = A841AC7E1B130081006B1035 /* ImageThemeProtocol.swift */; };
/* End PBXBuildFile section */

/* Begin PBXContainerItemProxy section */
		A841AC5D1B12FDEE006B1035 /* PBXContainerItemProxy */ = {
			isa = PBXContainerItemProxy;
			containerPortal = A841AC3C1B12FDEE006B1035 /* Project object */;
			proxyType = 1;
			remoteGlobalIDString = A841AC431B12FDEE006B1035;
			remoteInfo = ThemeManagerVer2;
		};
/* End PBXContainerItemProxy section */

/* Begin PBXFileReference section */
		A841AC441B12FDEE006B1035 /* ThemeManagerVer2.app */ = {isa = PBXFileReference; explicitFileType = wrapper.application; includeInIndex = 0; path = ThemeManagerVer2.app; sourceTree = BUILT_PRODUCTS_DIR; };
		A841AC481B12FDEE006B1035 /* Info.plist */ = {isa = PBXFileReference; lastKnownFileType = text.plist.xml; path = Info.plist; sourceTree = "<group>"; };
		A841AC491B12FDEE006B1035 /* AppDelegate.swift */ = {isa = PBXFileReference; lastKnownFileType = sourcecode.swift; path = AppDelegate.swift; sourceTree = "<group>"; };
		A841AC4C1B12FDEE006B1035 /* ThemeManagerVer2.xcdatamodel */ = {isa = PBXFileReference; lastKnownFileType = wrapper.xcdatamodel; path = ThemeManagerVer2.xcdatamodel; sourceTree = "<group>"; };
		A841AC4E1B12FDEE006B1035 /* ViewController.swift */ = {isa = PBXFileReference; lastKnownFileType = sourcecode.swift; path = ViewController.swift; sourceTree = "<group>"; };
		A841AC511B12FDEE006B1035 /* Base */ = {isa = PBXFileReference; lastKnownFileType = file.storyboard; name = Base; path = Base.lproj/Main.storyboard; sourceTree = "<group>"; };
		A841AC531B12FDEE006B1035 /* Images.xcassets */ = {isa = PBXFileReference; lastKnownFileType = folder.assetcatalog; path = Images.xcassets; sourceTree = "<group>"; };
		A841AC561B12FDEE006B1035 /* Base */ = {isa = PBXFileReference; lastKnownFileType = file.xib; name = Base; path = Base.lproj/LaunchScreen.xib; sourceTree = "<group>"; };
		A841AC5C1B12FDEE006B1035 /* ThemeManagerVer2Tests.xctest */ = {isa = PBXFileReference; explicitFileType = wrapper.cfbundle; includeInIndex = 0; path = ThemeManagerVer2Tests.xctest; sourceTree = BUILT_PRODUCTS_DIR; };
		A841AC611B12FDEE006B1035 /* Info.plist */ = {isa = PBXFileReference; lastKnownFileType = text.plist.xml; path = Info.plist; sourceTree = "<group>"; };
		A841AC621B12FDEE006B1035 /* ThemeManagerVer2Tests.swift */ = {isa = PBXFileReference; lastKnownFileType = sourcecode.swift; path = ThemeManagerVer2Tests.swift; sourceTree = "<group>"; };
		A841AC701B12FE79006B1035 /* ThemeManager.swift */ = {isa = PBXFileReference; fileEncoding = 4; lastKnownFileType = sourcecode.swift; path = ThemeManager.swift; sourceTree = "<group>"; };
		A841AC721B12FEB1006B1035 /* ThemeProtocol.swift */ = {isa = PBXFileReference; fileEncoding = 4; lastKnownFileType = sourcecode.swift; path = ThemeProtocol.swift; sourceTree = "<group>"; };
		A841AC741B12FED5006B1035 /* TextThemeProtocol.swift */ = {isa = PBXFileReference; fileEncoding = 4; lastKnownFileType = sourcecode.swift; path = TextThemeProtocol.swift; sourceTree = "<group>"; };
		A841AC761B12FFA4006B1035 /* ThemeA.swift */ = {isa = PBXFileReference; fileEncoding = 4; lastKnownFileType = sourcecode.swift; path = ThemeA.swift; sourceTree = "<group>"; };
		A841AC781B12FFCE006B1035 /* ThemeB.swift */ = {isa = PBXFileReference; fileEncoding = 4; lastKnownFileType = sourcecode.swift; path = ThemeB.swift; sourceTree = "<group>"; };
		A841AC7A1B130045006B1035 /* ColorThemeProtocol.swift */ = {isa = PBXFileReference; fileEncoding = 4; lastKnownFileType = sourcecode.swift; path = ColorThemeProtocol.swift; sourceTree = "<group>"; };
		A841AC7C1B13005C006B1035 /* FontThemeProtocol.swift */ = {isa = PBXFileReference; fileEncoding = 4; lastKnownFileType = sourcecode.swift; path = FontThemeProtocol.swift; sourceTree = "<group>"; };
		A841AC7E1B130081006B1035 /* ImageThemeProtocol.swift */ = {isa = PBXFileReference; fileEncoding = 4; lastKnownFileType = sourcecode.swift; path = ImageThemeProtocol.swift; sourceTree = "<group>"; };
/* End PBXFileReference section */

/* Begin PBXFrameworksBuildPhase section */
		A841AC411B12FDEE006B1035 /* Frameworks */ = {
			isa = PBXFrameworksBuildPhase;
			buildActionMask = 2147483647;
			files = (
			);
			runOnlyForDeploymentPostprocessing = 0;
		};
		A841AC591B12FDEE006B1035 /* Frameworks */ = {
			isa = PBXFrameworksBuildPhase;
			buildActionMask = 2147483647;
			files = (
			);
			runOnlyForDeploymentPostprocessing = 0;
		};
/* End PBXFrameworksBuildPhase section */

/* Begin PBXGroup section */
		A841AC3B1B12FDEE006B1035 = {
			isa = PBXGroup;
			children = (
				A841AC461B12FDEE006B1035 /* ThemeManagerVer2 */,
				A841AC5F1B12FDEE006B1035 /* ThemeManagerVer2Tests */,
				A841AC451B12FDEE006B1035 /* Products */,
			);
			sourceTree = "<group>";
		};
		A841AC451B12FDEE006B1035 /* Products */ = {
			isa = PBXGroup;
			children = (
				A841AC441B12FDEE006B1035 /* ThemeManagerVer2.app */,
				A841AC5C1B12FDEE006B1035 /* ThemeManagerVer2Tests.xctest */,
			);
			name = Products;
			sourceTree = "<group>";
		};
		A841AC461B12FDEE006B1035 /* ThemeManagerVer2 */ = {
			isa = PBXGroup;
			children = (
				A841AC6C1B12FE12006B1035 /* ThemeManager */,
				A841AC491B12FDEE006B1035 /* AppDelegate.swift */,
				A841AC4E1B12FDEE006B1035 /* ViewController.swift */,
				A841AC501B12FDEE006B1035 /* Main.storyboard */,
				A841AC531B12FDEE006B1035 /* Images.xcassets */,
				A841AC551B12FDEE006B1035 /* LaunchScreen.xib */,
				A841AC4B1B12FDEE006B1035 /* ThemeManagerVer2.xcdatamodeld */,
				A841AC471B12FDEE006B1035 /* Supporting Files */,
			);
			path = ThemeManagerVer2;
			sourceTree = "<group>";
		};
		A841AC471B12FDEE006B1035 /* Supporting Files */ = {
			isa = PBXGroup;
			children = (
				A841AC481B12FDEE006B1035 /* Info.plist */,
			);
			name = "Supporting Files";
			sourceTree = "<group>";
		};
		A841AC5F1B12FDEE006B1035 /* ThemeManagerVer2Tests */ = {
			isa = PBXGroup;
			children = (
				A841AC621B12FDEE006B1035 /* ThemeManagerVer2Tests.swift */,
				A841AC601B12FDEE006B1035 /* Supporting Files */,
			);
			path = ThemeManagerVer2Tests;
			sourceTree = "<group>";
		};
		A841AC601B12FDEE006B1035 /* Supporting Files */ = {
			isa = PBXGroup;
			children = (
				A841AC611B12FDEE006B1035 /* Info.plist */,
			);
			name = "Supporting Files";
			sourceTree = "<group>";
		};
		A841AC6C1B12FE12006B1035 /* ThemeManager */ = {
			isa = PBXGroup;
			children = (
				A841AC6D1B12FE60006B1035 /* src */,
				A841AC6E1B12FE60006B1035 /* ThemeA */,
				A841AC6F1B12FE60006B1035 /* ThemeB */,
			);
			path = ThemeManager;
			sourceTree = "<group>";
		};
		A841AC6D1B12FE60006B1035 /* src */ = {
			isa = PBXGroup;
			children = (
				A841AC701B12FE79006B1035 /* ThemeManager.swift */,
				A841AC721B12FEB1006B1035 /* ThemeProtocol.swift */,
				A841AC741B12FED5006B1035 /* TextThemeProtocol.swift */,
				A841AC7A1B130045006B1035 /* ColorThemeProtocol.swift */,
				A841AC7C1B13005C006B1035 /* FontThemeProtocol.swift */,
				A841AC7E1B130081006B1035 /* ImageThemeProtocol.swift */,
			);
			path = src;
			sourceTree = "<group>";
		};
		A841AC6E1B12FE60006B1035 /* ThemeA */ = {
			isa = PBXGroup;
			children = (
				A841AC761B12FFA4006B1035 /* ThemeA.swift */,
			);
			path = ThemeA;
			sourceTree = "<group>";
		};
		A841AC6F1B12FE60006B1035 /* ThemeB */ = {
			isa = PBXGroup;
			children = (
				A841AC781B12FFCE006B1035 /* ThemeB.swift */,
			);
			path = ThemeB;
			sourceTree = "<group>";
		};
/* End PBXGroup section */

/* Begin PBXNativeTarget section */
		A841AC431B12FDEE006B1035 /* ThemeManagerVer2 */ = {
			isa = PBXNativeTarget;
			buildConfigurationList = A841AC661B12FDEE006B1035 /* Build configuration list for PBXNativeTarget "ThemeManagerVer2" */;
			buildPhases = (
				A841AC401B12FDEE006B1035 /* Sources */,
				A841AC411B12FDEE006B1035 /* Frameworks */,
				A841AC421B12FDEE006B1035 /* Resources */,
			);
			buildRules = (
			);
			dependencies = (
			);
			name = ThemeManagerVer2;
			productName = ThemeManagerVer2;
			productReference = A841AC441B12FDEE006B1035 /* ThemeManagerVer2.app */;
			productType = "com.apple.product-type.application";
		};
		A841AC5B1B12FDEE006B1035 /* ThemeManagerVer2Tests */ = {
			isa = PBXNativeTarget;
			buildConfigurationList = A841AC691B12FDEE006B1035 /* Build configuration list for PBXNativeTarget "ThemeManagerVer2Tests" */;
			buildPhases = (
				A841AC581B12FDEE006B1035 /* Sources */,
				A841AC591B12FDEE006B1035 /* Frameworks */,
				A841AC5A1B12FDEE006B1035 /* Resources */,
			);
			buildRules = (
			);
			dependencies = (
				A841AC5E1B12FDEE006B1035 /* PBXTargetDependency */,
			);
			name = ThemeManagerVer2Tests;
			productName = ThemeManagerVer2Tests;
			productReference = A841AC5C1B12FDEE006B1035 /* ThemeManagerVer2Tests.xctest */;
			productType = "com.apple.product-type.bundle.unit-test";
		};
/* End PBXNativeTarget section */

/* Begin PBXProject section */
		A841AC3C1B12FDEE006B1035 /* Project object */ = {
			isa = PBXProject;
			attributes = {
				LastUpgradeCheck = 0630;
				ORGANIZATIONNAME = Yume;
				TargetAttributes = {
					A841AC431B12FDEE006B1035 = {
						CreatedOnToolsVersion = 6.3.2;
					};
					A841AC5B1B12FDEE006B1035 = {
						CreatedOnToolsVersion = 6.3.2;
						TestTargetID = A841AC431B12FDEE006B1035;
					};
				};
			};
			buildConfigurationList = A841AC3F1B12FDEE006B1035 /* Build configuration list for PBXProject "ThemeManagerVer2" */;
			compatibilityVersion = "Xcode 3.2";
			developmentRegion = English;
			hasScannedForEncodings = 0;
			knownRegions = (
				en,
				Base,
			);
			mainGroup = A841AC3B1B12FDEE006B1035;
			productRefGroup = A841AC451B12FDEE006B1035 /* Products */;
			projectDirPath = "";
			projectRoot = "";
			targets = (
				A841AC431B12FDEE006B1035 /* ThemeManagerVer2 */,
				A841AC5B1B12FDEE006B1035 /* ThemeManagerVer2Tests */,
			);
		};
/* End PBXProject section */

/* Begin PBXResourcesBuildPhase section */
		A841AC421B12FDEE006B1035 /* Resources */ = {
			isa = PBXResourcesBuildPhase;
			buildActionMask = 2147483647;
			files = (
				A841AC521B12FDEE006B1035 /* Main.storyboard in Resources */,
				A841AC571B12FDEE006B1035 /* LaunchScreen.xib in Resources */,
				A841AC541B12FDEE006B1035 /* Images.xcassets in Resources */,
			);
			runOnlyForDeploymentPostprocessing = 0;
		};
		A841AC5A1B12FDEE006B1035 /* Resources */ = {
			isa = PBXResourcesBuildPhase;
			buildActionMask = 2147483647;
			files = (
			);
			runOnlyForDeploymentPostprocessing = 0;
		};
/* End PBXResourcesBuildPhase section */

/* Begin PBXSourcesBuildPhase section */
		A841AC401B12FDEE006B1035 /* Sources */ = {
			isa = PBXSourcesBuildPhase;
			buildActionMask = 2147483647;
			files = (
				A841AC7B1B130045006B1035 /* ColorThemeProtocol.swift in Sources */,
				A841AC731B12FEB1006B1035 /* ThemeProtocol.swift in Sources */,
				A841AC7D1B13005C006B1035 /* FontThemeProtocol.swift in Sources */,
				A841AC4F1B12FDEE006B1035 /* ViewController.swift in Sources */,
				A841AC751B12FED5006B1035 /* TextThemeProtocol.swift in Sources */,
				A841AC4D1B12FDEE006B1035 /* ThemeManagerVer2.xcdatamodeld in Sources */,
				A841AC791B12FFCE006B1035 /* ThemeB.swift in Sources */,
				A841AC7F1B130081006B1035 /* ImageThemeProtocol.swift in Sources */,
				A841AC771B12FFA4006B1035 /* ThemeA.swift in Sources */,
				A841AC4A1B12FDEE006B1035 /* AppDelegate.swift in Sources */,
				A841AC711B12FE79006B1035 /* ThemeManager.swift in Sources */,
			);
			runOnlyForDeploymentPostprocessing = 0;
		};
		A841AC581B12FDEE006B1035 /* Sources */ = {
			isa = PBXSourcesBuildPhase;
			buildActionMask = 2147483647;
			files = (
				A841AC631B12FDEE006B1035 /* ThemeManagerVer2Tests.swift in Sources */,
			);
			runOnlyForDeploymentPostprocessing = 0;
		};
/* End PBXSourcesBuildPhase section */

/* Begin PBXTargetDependency section */
		A841AC5E1B12FDEE006B1035 /* PBXTargetDependency */ = {
			isa = PBXTargetDependency;
			target = A841AC431B12FDEE006B1035 /* ThemeManagerVer2 */;
			targetProxy = A841AC5D1B12FDEE006B1035 /* PBXContainerItemProxy */;
		};
/* End PBXTargetDependency section */

/* Begin PBXVariantGroup section */
		A841AC501B12FDEE006B1035 /* Main.storyboard */ = {
			isa = PBXVariantGroup;
			children = (
				A841AC511B12FDEE006B1035 /* Base */,
			);
			name = Main.storyboard;
			sourceTree = "<group>";
		};
		A841AC551B12FDEE006B1035 /* LaunchScreen.xib */ = {
			isa = PBXVariantGroup;
			children = (
				A841AC561B12FDEE006B1035 /* Base */,
			);
			name = LaunchScreen.xib;
			sourceTree = "<group>";
		};
/* End PBXVariantGroup section */

/* Begin XCBuildConfiguration section */
		A841AC641B12FDEE006B1035 /* Debug */ = {
			isa = XCBuildConfiguration;
			buildSettings = {
				ALWAYS_SEARCH_USER_PATHS = NO;
				CLANG_CXX_LANGUAGE_STANDARD = "gnu++0x";
				CLANG_CXX_LIBRARY = "libc++";
				CLANG_ENABLE_MODULES = YES;
				CLANG_ENABLE_OBJC_ARC = YES;
				CLANG_WARN_BOOL_CONVERSION = YES;
				CLANG_WARN_CONSTANT_CONVERSION = YES;
				CLANG_WARN_DIRECT_OBJC_ISA_USAGE = YES_ERROR;
				CLANG_WARN_EMPTY_BODY = YES;
				CLANG_WARN_ENUM_CONVERSION = YES;
				CLANG_WARN_INT_CONVERSION = YES;
				CLANG_WARN_OBJC_ROOT_CLASS = YES_ERROR;
				CLANG_WARN_UNREACHABLE_CODE = YES;
				CLANG_WARN__DUPLICATE_METHOD_MATCH = YES;
				"CODE_SIGN_IDENTITY[sdk=iphoneos*]" = "iPhone Developer";
				COPY_PHASE_STRIP = NO;
				DEBUG_INFORMATION_FORMAT = "dwarf-with-dsym";
				ENABLE_STRICT_OBJC_MSGSEND = YES;
				GCC_C_LANGUAGE_STANDARD = gnu99;
				GCC_DYNAMIC_NO_PIC = NO;
				GCC_NO_COMMON_BLOCKS = YES;
				GCC_OPTIMIZATION_LEVEL = 0;
				GCC_PREPROCESSOR_DEFINITIONS = (
					"DEBUG=1",
					"$(inherited)",
				);
				GCC_SYMBOLS_PRIVATE_EXTERN = NO;
				GCC_WARN_64_TO_32_BIT_CONVERSION = YES;
				GCC_WARN_ABOUT_RETURN_TYPE = YES_ERROR;
				GCC_WARN_UNDECLARED_SELECTOR = YES;
				GCC_WARN_UNINITIALIZED_AUTOS = YES_AGGRESSIVE;
				GCC_WARN_UNUSED_FUNCTION = YES;
				GCC_WARN_UNUSED_VARIABLE = YES;
				IPHONEOS_DEPLOYMENT_TARGET = 8.3;
				MTL_ENABLE_DEBUG_INFO = YES;
				ONLY_ACTIVE_ARCH = YES;
				SDKROOT = iphoneos;
				SWIFT_OPTIMIZATION_LEVEL = "-Onone";
				TARGETED_DEVICE_FAMILY = "1,2";
			};
			name = Debug;
		};
		A841AC651B12FDEE006B1035 /* Release */ = {
			isa = XCBuildConfiguration;
			buildSettings = {
				ALWAYS_SEARCH_USER_PATHS = NO;
				CLANG_CXX_LANGUAGE_STANDARD = "gnu++0x";
				CLANG_CXX_LIBRARY = "libc++";
				CLANG_ENABLE_MODULES = YES;
				CLANG_ENABLE_OBJC_ARC = YES;
				CLANG_WARN_BOOL_CONVERSION = YES;
				CLANG_WARN_CONSTANT_CONVERSION = YES;
				CLANG_WARN_DIRECT_OBJC_ISA_USAGE = YES_ERROR;
				CLANG_WARN_EMPTY_BODY = YES;
				CLANG_WARN_ENUM_CONVERSION = YES;
				CLANG_WARN_INT_CONVERSION = YES;
				CLANG_WARN_OBJC_ROOT_CLASS = YES_ERROR;
				CLANG_WARN_UNREACHABLE_CODE = YES;
				CLANG_WARN__DUPLICATE_METHOD_MATCH = YES;
				"CODE_SIGN_IDENTITY[sdk=iphoneos*]" = "iPhone Developer";
				COPY_PHASE_STRIP = NO;
				DEBUG_INFORMATION_FORMAT = "dwarf-with-dsym";
				ENABLE_NS_ASSERTIONS = NO;
				ENABLE_STRICT_OBJC_MSGSEND = YES;
				GCC_C_LANGUAGE_STANDARD = gnu99;
				GCC_NO_COMMON_BLOCKS = YES;
				GCC_WARN_64_TO_32_BIT_CONVERSION = YES;
				GCC_WARN_ABOUT_RETURN_TYPE = YES_ERROR;
				GCC_WARN_UNDECLARED_SELECTOR = YES;
				GCC_WARN_UNINITIALIZED_AUTOS = YES_AGGRESSIVE;
				GCC_WARN_UNUSED_FUNCTION = YES;
				GCC_WARN_UNUSED_VARIABLE = YES;
				IPHONEOS_DEPLOYMENT_TARGET = 8.3;
				MTL_ENABLE_DEBUG_INFO = NO;
				SDKROOT = iphoneos;
				TARGETED_DEVICE_FAMILY = "1,2";
				VALIDATE_PRODUCT = YES;
			};
			name = Release;
		};
		A841AC671B12FDEE006B1035 /* Debug */ = {
			isa = XCBuildConfiguration;
			buildSettings = {
				ASSETCATALOG_COMPILER_APPICON_NAME = AppIcon;
				INFOPLIST_FILE = ThemeManagerVer2/Info.plist;
				LD_RUNPATH_SEARCH_PATHS = "$(inherited) @executable_path/Frameworks";
				PRODUCT_NAME = "$(TARGET_NAME)";
			};
			name = Debug;
		};
		A841AC681B12FDEE006B1035 /* Release */ = {
			isa = XCBuildConfiguration;
			buildSettings = {
				ASSETCATALOG_COMPILER_APPICON_NAME = AppIcon;
				INFOPLIST_FILE = ThemeManagerVer2/Info.plist;
				LD_RUNPATH_SEARCH_PATHS = "$(inherited) @executable_path/Frameworks";
				PRODUCT_NAME = "$(TARGET_NAME)";
			};
			name = Release;
		};
		A841AC6A1B12FDEE006B1035 /* Debug */ = {
			isa = XCBuildConfiguration;
			buildSettings = {
				BUNDLE_LOADER = "$(TEST_HOST)";
				FRAMEWORK_SEARCH_PATHS = (
					"$(SDKROOT)/Developer/Library/Frameworks",
					"$(inherited)",
				);
				GCC_PREPROCESSOR_DEFINITIONS = (
					"DEBUG=1",
					"$(inherited)",
				);
				INFOPLIST_FILE = ThemeManagerVer2Tests/Info.plist;
				LD_RUNPATH_SEARCH_PATHS = "$(inherited) @executable_path/Frameworks @loader_path/Frameworks";
				PRODUCT_NAME = "$(TARGET_NAME)";
				TEST_HOST = "$(BUILT_PRODUCTS_DIR)/ThemeManagerVer2.app/ThemeManagerVer2";
			};
			name = Debug;
		};
		A841AC6B1B12FDEE006B1035 /* Release */ = {
			isa = XCBuildConfiguration;
			buildSettings = {
				BUNDLE_LOADER = "$(TEST_HOST)";
				FRAMEWORK_SEARCH_PATHS = (
					"$(SDKROOT)/Developer/Library/Frameworks",
					"$(inherited)",
				);
				INFOPLIST_FILE = ThemeManagerVer2Tests/Info.plist;
				LD_RUNPATH_SEARCH_PATHS = "$(inherited) @executable_path/Frameworks @loader_path/Frameworks";
				PRODUCT_NAME = "$(TARGET_NAME)";
				TEST_HOST = "$(BUILT_PRODUCTS_DIR)/ThemeManagerVer2.app/ThemeManagerVer2";
			};
			name = Release;
		};
/* End XCBuildConfiguration section */

/* Begin XCConfigurationList section */
		A841AC3F1B12FDEE006B1035 /* Build configuration list for PBXProject "ThemeManagerVer2" */ = {
			isa = XCConfigurationList;
			buildConfigurations = (
				A841AC641B12FDEE006B1035 /* Debug */,
				A841AC651B12FDEE006B1035 /* Release */,
			);
			defaultConfigurationIsVisible = 0;
			defaultConfigurationName = Release;
		};
		A841AC661B12FDEE006B1035 /* Build configuration list for PBXNativeTarget "ThemeManagerVer2" */ = {
			isa = XCConfigurationList;
			buildConfigurations = (
				A841AC671B12FDEE006B1035 /* Debug */,
				A841AC681B12FDEE006B1035 /* Release */,
			);
			defaultConfigurationIsVisible = 0;
		};
		A841AC691B12FDEE006B1035 /* Build configuration list for PBXNativeTarget "ThemeManagerVer2Tests" */ = {
			isa = XCConfigurationList;
			buildConfigurations = (
				A841AC6A1B12FDEE006B1035 /* Debug */,
				A841AC6B1B12FDEE006B1035 /* Release */,
			);
			defaultConfigurationIsVisible = 0;
		};
/* End XCConfigurationList section */

/* Begin XCVersionGroup section */
		A841AC4B1B12FDEE006B1035 /* ThemeManagerVer2.xcdatamodeld */ = {
			isa = XCVersionGroup;
			children = (
				A841AC4C1B12FDEE006B1035 /* ThemeManagerVer2.xcdatamodel */,
			);
			currentVersion = A841AC4C1B12FDEE006B1035 /* ThemeManagerVer2.xcdatamodel */;
			path = ThemeManagerVer2.xcdatamodeld;
			sourceTree = "<group>";
			versionGroupType = wrapper.xcdatamodel;
		};
/* End XCVersionGroup section */
	};
	rootObject = A841AC3C1B12FDEE006B1035 /* Project object */;
}
